
Microsoft Visual Studio Solution File, Format Version 12.00
# Visual Studio Version 16
VisualStudioVersion = 16.0.29306.81
MinimumVisualStudioVersion = 10.0.40219.1
Project("{FAE04EC0-301F-11D3-BF4B-00C04F79EFBC}") = "lab3", "lab3\lab3.csproj", "{E2502B1E-F8CC-4AC1-B59E-6DD41FD7ADD7}"
EndProject
Global
	GlobalSection(SolutionConfigurationPlatforms) = preSolution
		Debug|Any CPU = Debug|Any CPU
		Release|Any CPU = Release|Any CPU
	EndGlobalSection
	GlobalSection(ProjectConfigurationPlatforms) = postSolution
		{E2502B1E-F8CC-4AC1-B59E-6DD41FD7ADD7}.Debug|Any CPU.ActiveCfg = Debug|Any CPU
		{E2502B1E-F8CC-4AC1-B59E-6DD41FD7ADD7}.Debug|Any CPU.Build.0 = Debug|Any CPU
		{E2502B1E-F8CC-4AC1-B59E-6DD41FD7ADD7}.Release|Any CPU.ActiveCfg = Release|Any CPU
		{E2502B1E-F8CC-4AC1-B59E-6DD41FD7ADD7}.Release|Any CPU.Build.0 = Release|Any CPU
	EndGlobalSection
	GlobalSection(SolutionProperties) = preSolution
		HideSolutionNode = FALSE
	EndGlobalSection
	GlobalSection(ExtensibilityGlobals) = postSolution
		SolutionGuid = {D2C139E9-FFB7-4392-9923-F090BF86722F}
	EndGlobalSection
EndGlobal
